
Microsoft Visual Studio Solution File, Format Version 12.00
# Visual Studio 2017
Project("{FAE04EC0-301F-11D3-BF4B-00C04F79EFBC}") = "NeuroLearner", "NeuroLearner.csproj", "{0460A808-B527-8A3F-B5BA-09A717D11DC8}"
EndProject
Project("{FAE04EC0-301F-11D3-BF4B-00C04F79EFBC}") = "NeuroLearner.Editor", "NeuroLearner.Editor.csproj", "{F455197A-8F2A-911F-DF56-D5C7B2D83DDC}"
EndProject
Global
	GlobalSection(SolutionConfigurationPlatforms) = preSolution
		Debug|Any CPU = Debug|Any CPU
		Release|Any CPU = Release|Any CPU
	EndGlobalSection
	GlobalSection(ProjectConfigurationPlatforms) = postSolution
		{0460A808-B527-8A3F-B5BA-09A717D11DC8}.Debug|Any CPU.ActiveCfg = Debug|Any CPU
		{0460A808-B527-8A3F-B5BA-09A717D11DC8}.Debug|Any CPU.Build.0 = Debug|Any CPU
		{0460A808-B527-8A3F-B5BA-09A717D11DC8}.Release|Any CPU.ActiveCfg = Release|Any CPU
		{0460A808-B527-8A3F-B5BA-09A717D11DC8}.Release|Any CPU.Build.0 = Release|Any CPU
		{F455197A-8F2A-911F-DF56-D5C7B2D83DDC}.Debug|Any CPU.ActiveCfg = Debug|Any CPU
		{F455197A-8F2A-911F-DF56-D5C7B2D83DDC}.Debug|Any CPU.Build.0 = Debug|Any CPU
		{F455197A-8F2A-911F-DF56-D5C7B2D83DDC}.Release|Any CPU.ActiveCfg = Release|Any CPU
		{F455197A-8F2A-911F-DF56-D5C7B2D83DDC}.Release|Any CPU.Build.0 = Release|Any CPU
	EndGlobalSection
	GlobalSection(SolutionProperties) = preSolution
		HideSolutionNode = FALSE
	EndGlobalSection
EndGlobal
