
Microsoft Visual Studio Solution File, Format Version 12.00
# Visual Studio 15
VisualStudioVersion = 15.0.26730.16
MinimumVisualStudioVersion = 10.0.40219.1
Project("{FAE04EC0-301F-11D3-BF4B-00C04F79EFBC}") = "MRtest", "MRtest\MRtest.csproj", "{13A45C13-3265-47B8-BC48-A553B569DF55}"
EndProject
Project("{FAE04EC0-301F-11D3-BF4B-00C04F79EFBC}") = "Assembly-CSharp", "C:\Users\gaowe\Documents\GitHub\NeuroLearner\Builds\UWP\GeneratedProjects\UWP\Assembly-CSharp\Assembly-CSharp.csproj", "{1EFD9980-35CA-4DC4-82EC-EFA63517CDC2}"
EndProject
Project("{FAE04EC0-301F-11D3-BF4B-00C04F79EFBC}") = "Assembly-CSharp-firstpass", "C:\Users\gaowe\Documents\GitHub\NeuroLearner\Builds\UWP\GeneratedProjects\UWP\Assembly-CSharp-firstpass\Assembly-CSharp-firstpass.csproj", "{BAFB7E8C-22B7-4E01-A5D9-73097C30798A}"
EndProject
Global
	GlobalSection(SolutionConfigurationPlatforms) = preSolution
		Debug|ARM = Debug|ARM
		Debug|x64 = Debug|x64
		Debug|x86 = Debug|x86
		Master|ARM = Master|ARM
		Master|x64 = Master|x64
		Master|x86 = Master|x86
		Release|ARM = Release|ARM
		Release|x64 = Release|x64
		Release|x86 = Release|x86
	EndGlobalSection
	GlobalSection(ProjectConfigurationPlatforms) = postSolution
		{13A45C13-3265-47B8-BC48-A553B569DF55}.Debug|ARM.ActiveCfg = Debug|ARM
		{13A45C13-3265-47B8-BC48-A553B569DF55}.Debug|ARM.Build.0 = Debug|ARM
		{13A45C13-3265-47B8-BC48-A553B569DF55}.Debug|ARM.Deploy.0 = Debug|ARM
		{13A45C13-3265-47B8-BC48-A553B569DF55}.Debug|x64.ActiveCfg = Debug|x64
		{13A45C13-3265-47B8-BC48-A553B569DF55}.Debug|x64.Build.0 = Debug|x64
		{13A45C13-3265-47B8-BC48-A553B569DF55}.Debug|x64.Deploy.0 = Debug|x64
		{13A45C13-3265-47B8-BC48-A553B569DF55}.Debug|x86.ActiveCfg = Debug|x86
		{13A45C13-3265-47B8-BC48-A553B569DF55}.Debug|x86.Build.0 = Debug|x86
		{13A45C13-3265-47B8-BC48-A553B569DF55}.Debug|x86.Deploy.0 = Debug|x86
		{13A45C13-3265-47B8-BC48-A553B569DF55}.Master|ARM.ActiveCfg = Master|ARM
		{13A45C13-3265-47B8-BC48-A553B569DF55}.Master|ARM.Build.0 = Master|ARM
		{13A45C13-3265-47B8-BC48-A553B569DF55}.Master|ARM.Deploy.0 = Master|ARM
		{13A45C13-3265-47B8-BC48-A553B569DF55}.Master|x64.ActiveCfg = Master|x64
		{13A45C13-3265-47B8-BC48-A553B569DF55}.Master|x64.Build.0 = Master|x64
		{13A45C13-3265-47B8-BC48-A553B569DF55}.Master|x64.Deploy.0 = Master|x64
		{13A45C13-3265-47B8-BC48-A553B569DF55}.Master|x86.ActiveCfg = Master|x86
		{13A45C13-3265-47B8-BC48-A553B569DF55}.Master|x86.Build.0 = Master|x86
		{13A45C13-3265-47B8-BC48-A553B569DF55}.Master|x86.Deploy.0 = Master|x86
		{13A45C13-3265-47B8-BC48-A553B569DF55}.Release|ARM.ActiveCfg = Release|ARM
		{13A45C13-3265-47B8-BC48-A553B569DF55}.Release|ARM.Build.0 = Release|ARM
		{13A45C13-3265-47B8-BC48-A553B569DF55}.Release|ARM.Deploy.0 = Release|ARM
		{13A45C13-3265-47B8-BC48-A553B569DF55}.Release|x64.ActiveCfg = Release|x64
		{13A45C13-3265-47B8-BC48-A553B569DF55}.Release|x64.Build.0 = Release|x64
		{13A45C13-3265-47B8-BC48-A553B569DF55}.Release|x64.Deploy.0 = Release|x64
		{13A45C13-3265-47B8-BC48-A553B569DF55}.Release|x86.ActiveCfg = Release|x86
		{13A45C13-3265-47B8-BC48-A553B569DF55}.Release|x86.Build.0 = Release|x86
		{13A45C13-3265-47B8-BC48-A553B569DF55}.Release|x86.Deploy.0 = Release|x86
		{1EFD9980-35CA-4DC4-82EC-EFA63517CDC2}.Debug|ARM.ActiveCfg = Debug|ARM
		{1EFD9980-35CA-4DC4-82EC-EFA63517CDC2}.Debug|ARM.Build.0 = Debug|ARM
		{1EFD9980-35CA-4DC4-82EC-EFA63517CDC2}.Debug|x64.ActiveCfg = Debug|x64
		{1EFD9980-35CA-4DC4-82EC-EFA63517CDC2}.Debug|x64.Build.0 = Debug|x64
		{1EFD9980-35CA-4DC4-82EC-EFA63517CDC2}.Debug|x86.ActiveCfg = Debug|x86
		{1EFD9980-35CA-4DC4-82EC-EFA63517CDC2}.Debug|x86.Build.0 = Debug|x86
		{1EFD9980-35CA-4DC4-82EC-EFA63517CDC2}.Master|ARM.ActiveCfg = Master|ARM
		{1EFD9980-35CA-4DC4-82EC-EFA63517CDC2}.Master|ARM.Build.0 = Master|ARM
		{1EFD9980-35CA-4DC4-82EC-EFA63517CDC2}.Master|x64.ActiveCfg = Master|x64
		{1EFD9980-35CA-4DC4-82EC-EFA63517CDC2}.Master|x64.Build.0 = Master|x64
		{1EFD9980-35CA-4DC4-82EC-EFA63517CDC2}.Master|x86.ActiveCfg = Master|x86
		{1EFD9980-35CA-4DC4-82EC-EFA63517CDC2}.Master|x86.Build.0 = Master|x86
		{1EFD9980-35CA-4DC4-82EC-EFA63517CDC2}.Release|ARM.ActiveCfg = Release|ARM
		{1EFD9980-35CA-4DC4-82EC-EFA63517CDC2}.Release|ARM.Build.0 = Release|ARM
		{1EFD9980-35CA-4DC4-82EC-EFA63517CDC2}.Release|x64.ActiveCfg = Release|x64
		{1EFD9980-35CA-4DC4-82EC-EFA63517CDC2}.Release|x64.Build.0 = Release|x64
		{1EFD9980-35CA-4DC4-82EC-EFA63517CDC2}.Release|x86.ActiveCfg = Release|x86
		{1EFD9980-35CA-4DC4-82EC-EFA63517CDC2}.Release|x86.Build.0 = Release|x86
		{BAFB7E8C-22B7-4E01-A5D9-73097C30798A}.Debug|ARM.ActiveCfg = Debug|ARM
		{BAFB7E8C-22B7-4E01-A5D9-73097C30798A}.Debug|ARM.Build.0 = Debug|ARM
		{BAFB7E8C-22B7-4E01-A5D9-73097C30798A}.Debug|x64.ActiveCfg = Debug|x64
		{BAFB7E8C-22B7-4E01-A5D9-73097C30798A}.Debug|x64.Build.0 = Debug|x64
		{BAFB7E8C-22B7-4E01-A5D9-73097C30798A}.Debug|x86.ActiveCfg = Debug|x86
		{BAFB7E8C-22B7-4E01-A5D9-73097C30798A}.Debug|x86.Build.0 = Debug|x86
		{BAFB7E8C-22B7-4E01-A5D9-73097C30798A}.Master|ARM.ActiveCfg = Master|ARM
		{BAFB7E8C-22B7-4E01-A5D9-73097C30798A}.Master|ARM.Build.0 = Master|ARM
		{BAFB7E8C-22B7-4E01-A5D9-73097C30798A}.Master|x64.ActiveCfg = Master|x64
		{BAFB7E8C-22B7-4E01-A5D9-73097C30798A}.Master|x64.Build.0 = Master|x64
		{BAFB7E8C-22B7-4E01-A5D9-73097C30798A}.Master|x86.ActiveCfg = Master|x86
		{BAFB7E8C-22B7-4E01-A5D9-73097C30798A}.Master|x86.Build.0 = Master|x86
		{BAFB7E8C-22B7-4E01-A5D9-73097C30798A}.Release|ARM.ActiveCfg = Release|ARM
		{BAFB7E8C-22B7-4E01-A5D9-73097C30798A}.Release|ARM.Build.0 = Release|ARM
		{BAFB7E8C-22B7-4E01-A5D9-73097C30798A}.Release|x64.ActiveCfg = Release|x64
		{BAFB7E8C-22B7-4E01-A5D9-73097C30798A}.Release|x64.Build.0 = Release|x64
		{BAFB7E8C-22B7-4E01-A5D9-73097C30798A}.Release|x86.ActiveCfg = Release|x86
		{BAFB7E8C-22B7-4E01-A5D9-73097C30798A}.Release|x86.Build.0 = Release|x86
	EndGlobalSection
	GlobalSection(SolutionProperties) = preSolution
		HideSolutionNode = FALSE
	EndGlobalSection
	GlobalSection(ExtensibilityGlobals) = postSolution
		SolutionGuid = {70FA63CD-1A72-4F49-A644-37E9388BB68A}
	EndGlobalSection
EndGlobal
