
Microsoft Visual Studio Solution File, Format Version 12.00
# Visual Studio 15
VisualStudioVersion = 15.0.26730.16
MinimumVisualStudioVersion = 10.0.40219.1
Project("{FAE04EC0-301F-11D3-BF4B-00C04F79EFBC}") = "MRtest", "MRtest\MRtest.csproj", "{13A45C13-3265-47B8-BC48-A553B569DF55}"
EndProject
Project("{FAE04EC0-301F-11D3-BF4B-00C04F79EFBC}") = "Assembly-CSharp", "C:\Users\gaowe\Documents\MRtest\Builds\UWP\GeneratedProjects\UWP\Assembly-CSharp\Assembly-CSharp.csproj", "{CE10391C-B9F5-4695-92E8-7C440C8D2CBF}"
EndProject
Project("{FAE04EC0-301F-11D3-BF4B-00C04F79EFBC}") = "Assembly-CSharp-firstpass", "C:\Users\gaowe\Documents\MRtest\Builds\UWP\GeneratedProjects\UWP\Assembly-CSharp-firstpass\Assembly-CSharp-firstpass.csproj", "{7348223E-A717-4E40-B429-69E3EF65EECF}"
EndProject
Global
	GlobalSection(SolutionConfigurationPlatforms) = preSolution
		Debug|ARM = Debug|ARM
		Debug|x64 = Debug|x64
		Debug|x86 = Debug|x86
		Master|ARM = Master|ARM
		Master|x64 = Master|x64
		Master|x86 = Master|x86
		Release|ARM = Release|ARM
		Release|x64 = Release|x64
		Release|x86 = Release|x86
	EndGlobalSection
	GlobalSection(ProjectConfigurationPlatforms) = postSolution
		{13A45C13-3265-47B8-BC48-A553B569DF55}.Debug|ARM.ActiveCfg = Debug|ARM
		{13A45C13-3265-47B8-BC48-A553B569DF55}.Debug|ARM.Build.0 = Debug|ARM
		{13A45C13-3265-47B8-BC48-A553B569DF55}.Debug|ARM.Deploy.0 = Debug|ARM
		{13A45C13-3265-47B8-BC48-A553B569DF55}.Debug|x64.ActiveCfg = Debug|x64
		{13A45C13-3265-47B8-BC48-A553B569DF55}.Debug|x64.Build.0 = Debug|x64
		{13A45C13-3265-47B8-BC48-A553B569DF55}.Debug|x64.Deploy.0 = Debug|x64
		{13A45C13-3265-47B8-BC48-A553B569DF55}.Debug|x86.ActiveCfg = Debug|x86
		{13A45C13-3265-47B8-BC48-A553B569DF55}.Debug|x86.Build.0 = Debug|x86
		{13A45C13-3265-47B8-BC48-A553B569DF55}.Debug|x86.Deploy.0 = Debug|x86
		{13A45C13-3265-47B8-BC48-A553B569DF55}.Master|ARM.ActiveCfg = Master|ARM
		{13A45C13-3265-47B8-BC48-A553B569DF55}.Master|ARM.Build.0 = Master|ARM
		{13A45C13-3265-47B8-BC48-A553B569DF55}.Master|ARM.Deploy.0 = Master|ARM
		{13A45C13-3265-47B8-BC48-A553B569DF55}.Master|x64.ActiveCfg = Master|x64
		{13A45C13-3265-47B8-BC48-A553B569DF55}.Master|x64.Build.0 = Master|x64
		{13A45C13-3265-47B8-BC48-A553B569DF55}.Master|x64.Deploy.0 = Master|x64
		{13A45C13-3265-47B8-BC48-A553B569DF55}.Master|x86.ActiveCfg = Master|x86
		{13A45C13-3265-47B8-BC48-A553B569DF55}.Master|x86.Build.0 = Master|x86
		{13A45C13-3265-47B8-BC48-A553B569DF55}.Master|x86.Deploy.0 = Master|x86
		{13A45C13-3265-47B8-BC48-A553B569DF55}.Release|ARM.ActiveCfg = Release|ARM
		{13A45C13-3265-47B8-BC48-A553B569DF55}.Release|ARM.Build.0 = Release|ARM
		{13A45C13-3265-47B8-BC48-A553B569DF55}.Release|ARM.Deploy.0 = Release|ARM
		{13A45C13-3265-47B8-BC48-A553B569DF55}.Release|x64.ActiveCfg = Release|x64
		{13A45C13-3265-47B8-BC48-A553B569DF55}.Release|x64.Build.0 = Release|x64
		{13A45C13-3265-47B8-BC48-A553B569DF55}.Release|x64.Deploy.0 = Release|x64
		{13A45C13-3265-47B8-BC48-A553B569DF55}.Release|x86.ActiveCfg = Release|x86
		{13A45C13-3265-47B8-BC48-A553B569DF55}.Release|x86.Build.0 = Release|x86
		{13A45C13-3265-47B8-BC48-A553B569DF55}.Release|x86.Deploy.0 = Release|x86
		{CE10391C-B9F5-4695-92E8-7C440C8D2CBF}.Debug|ARM.ActiveCfg = Debug|ARM
		{CE10391C-B9F5-4695-92E8-7C440C8D2CBF}.Debug|ARM.Build.0 = Debug|ARM
		{CE10391C-B9F5-4695-92E8-7C440C8D2CBF}.Debug|x64.ActiveCfg = Debug|x64
		{CE10391C-B9F5-4695-92E8-7C440C8D2CBF}.Debug|x64.Build.0 = Debug|x64
		{CE10391C-B9F5-4695-92E8-7C440C8D2CBF}.Debug|x86.ActiveCfg = Debug|x86
		{CE10391C-B9F5-4695-92E8-7C440C8D2CBF}.Debug|x86.Build.0 = Debug|x86
		{CE10391C-B9F5-4695-92E8-7C440C8D2CBF}.Master|ARM.ActiveCfg = Master|ARM
		{CE10391C-B9F5-4695-92E8-7C440C8D2CBF}.Master|ARM.Build.0 = Master|ARM
		{CE10391C-B9F5-4695-92E8-7C440C8D2CBF}.Master|x64.ActiveCfg = Master|x64
		{CE10391C-B9F5-4695-92E8-7C440C8D2CBF}.Master|x64.Build.0 = Master|x64
		{CE10391C-B9F5-4695-92E8-7C440C8D2CBF}.Master|x86.ActiveCfg = Master|x86
		{CE10391C-B9F5-4695-92E8-7C440C8D2CBF}.Master|x86.Build.0 = Master|x86
		{CE10391C-B9F5-4695-92E8-7C440C8D2CBF}.Release|ARM.ActiveCfg = Release|ARM
		{CE10391C-B9F5-4695-92E8-7C440C8D2CBF}.Release|ARM.Build.0 = Release|ARM
		{CE10391C-B9F5-4695-92E8-7C440C8D2CBF}.Release|x64.ActiveCfg = Release|x64
		{CE10391C-B9F5-4695-92E8-7C440C8D2CBF}.Release|x64.Build.0 = Release|x64
		{CE10391C-B9F5-4695-92E8-7C440C8D2CBF}.Release|x86.ActiveCfg = Release|x86
		{CE10391C-B9F5-4695-92E8-7C440C8D2CBF}.Release|x86.Build.0 = Release|x86
		{7348223E-A717-4E40-B429-69E3EF65EECF}.Debug|ARM.ActiveCfg = Debug|ARM
		{7348223E-A717-4E40-B429-69E3EF65EECF}.Debug|ARM.Build.0 = Debug|ARM
		{7348223E-A717-4E40-B429-69E3EF65EECF}.Debug|x64.ActiveCfg = Debug|x64
		{7348223E-A717-4E40-B429-69E3EF65EECF}.Debug|x64.Build.0 = Debug|x64
		{7348223E-A717-4E40-B429-69E3EF65EECF}.Debug|x86.ActiveCfg = Debug|x86
		{7348223E-A717-4E40-B429-69E3EF65EECF}.Debug|x86.Build.0 = Debug|x86
		{7348223E-A717-4E40-B429-69E3EF65EECF}.Master|ARM.ActiveCfg = Master|ARM
		{7348223E-A717-4E40-B429-69E3EF65EECF}.Master|ARM.Build.0 = Master|ARM
		{7348223E-A717-4E40-B429-69E3EF65EECF}.Master|x64.ActiveCfg = Master|x64
		{7348223E-A717-4E40-B429-69E3EF65EECF}.Master|x64.Build.0 = Master|x64
		{7348223E-A717-4E40-B429-69E3EF65EECF}.Master|x86.ActiveCfg = Master|x86
		{7348223E-A717-4E40-B429-69E3EF65EECF}.Master|x86.Build.0 = Master|x86
		{7348223E-A717-4E40-B429-69E3EF65EECF}.Release|ARM.ActiveCfg = Release|ARM
		{7348223E-A717-4E40-B429-69E3EF65EECF}.Release|ARM.Build.0 = Release|ARM
		{7348223E-A717-4E40-B429-69E3EF65EECF}.Release|x64.ActiveCfg = Release|x64
		{7348223E-A717-4E40-B429-69E3EF65EECF}.Release|x64.Build.0 = Release|x64
		{7348223E-A717-4E40-B429-69E3EF65EECF}.Release|x86.ActiveCfg = Release|x86
		{7348223E-A717-4E40-B429-69E3EF65EECF}.Release|x86.Build.0 = Release|x86
	EndGlobalSection
	GlobalSection(SolutionProperties) = preSolution
		HideSolutionNode = FALSE
	EndGlobalSection
	GlobalSection(ExtensibilityGlobals) = postSolution
		SolutionGuid = {723E66E8-0FB3-4D95-A902-56158C13A36F}
	EndGlobalSection
EndGlobal
