
Microsoft Visual Studio Solution File, Format Version 12.00
# Visual Studio 14
VisualStudioVersion = 14.0.22512.0
MinimumVisualStudioVersion = 10.0.40219.1
Project("{FAE04EC0-301F-11D3-BF4B-00C04F79EFBC}") = "MRtest", "MRtest\MRtest.csproj", "{13A45C13-3265-47B8-BC48-A553B569DF55}"
		{be8fcee6-2edd-45d3-b963-b3c947cbd3b3} = {be8fcee6-2edd-45d3-b963-b3c947cbd3b3}
		{ab1885d8-0370-4141-9db4-7ba7fff74c53} = {ab1885d8-0370-4141-9db4-7ba7fff74c53}
EndProject
Project("{FAE04EC0-301F-11D3-BF4B-00C04F79EFBC}") = "Assembly-CSharp", "C:\Users\gaowe\Documents\MRtest\Builds\UWP\GeneratedProjects\UWP\Assembly-CSharp\Assembly-CSharp.csproj", "{be8fcee6-2edd-45d3-b963-b3c947cbd3b3}"
EndProject
Project("{FAE04EC0-301F-11D3-BF4B-00C04F79EFBC}") = "Assembly-CSharp-firstpass", "C:\Users\gaowe\Documents\MRtest\Builds\UWP\GeneratedProjects\UWP\Assembly-CSharp-firstpass\Assembly-CSharp-firstpass.csproj", "{ab1885d8-0370-4141-9db4-7ba7fff74c53}"
EndProject
Global
	GlobalSection(SolutionConfigurationPlatforms) = preSolution
		Debug|ARM = Debug|ARM
		Debug|x64 = Debug|x64
		Debug|x86 = Debug|x86
		Master|ARM = Master|ARM
		Master|x64 = Master|x64
		Master|x86 = Master|x86
		Release|ARM = Release|ARM
		Release|x64 = Release|x64
		Release|x86 = Release|x86
	EndGlobalSection
	GlobalSection(ProjectConfigurationPlatforms) = postSolution
		{13A45C13-3265-47B8-BC48-A553B569DF55}.Debug|ARM.ActiveCfg = Debug|ARM
		{13A45C13-3265-47B8-BC48-A553B569DF55}.Debug|ARM.Build.0 = Debug|ARM
		{13A45C13-3265-47B8-BC48-A553B569DF55}.Debug|ARM.Deploy.0 = Debug|ARM
		{13A45C13-3265-47B8-BC48-A553B569DF55}.Debug|x64.ActiveCfg = Debug|x64
		{13A45C13-3265-47B8-BC48-A553B569DF55}.Debug|x64.Build.0 = Debug|x64
		{13A45C13-3265-47B8-BC48-A553B569DF55}.Debug|x64.Deploy.0 = Debug|x64
		{13A45C13-3265-47B8-BC48-A553B569DF55}.Debug|x86.ActiveCfg = Debug|x86
		{13A45C13-3265-47B8-BC48-A553B569DF55}.Debug|x86.Build.0 = Debug|x86
		{13A45C13-3265-47B8-BC48-A553B569DF55}.Debug|x86.Deploy.0 = Debug|x86
		{13A45C13-3265-47B8-BC48-A553B569DF55}.Master|ARM.ActiveCfg = Master|ARM
		{13A45C13-3265-47B8-BC48-A553B569DF55}.Master|ARM.Build.0 = Master|ARM
		{13A45C13-3265-47B8-BC48-A553B569DF55}.Master|ARM.Deploy.0 = Master|ARM
		{13A45C13-3265-47B8-BC48-A553B569DF55}.Master|x64.ActiveCfg = Master|x64
		{13A45C13-3265-47B8-BC48-A553B569DF55}.Master|x64.Build.0 = Master|x64
		{13A45C13-3265-47B8-BC48-A553B569DF55}.Master|x64.Deploy.0 = Master|x64
		{13A45C13-3265-47B8-BC48-A553B569DF55}.Master|x86.ActiveCfg = Master|x86
		{13A45C13-3265-47B8-BC48-A553B569DF55}.Master|x86.Build.0 = Master|x86
		{13A45C13-3265-47B8-BC48-A553B569DF55}.Master|x86.Deploy.0 = Master|x86
		{13A45C13-3265-47B8-BC48-A553B569DF55}.Release|ARM.ActiveCfg = Release|ARM
		{13A45C13-3265-47B8-BC48-A553B569DF55}.Release|ARM.Build.0 = Release|ARM
		{13A45C13-3265-47B8-BC48-A553B569DF55}.Release|ARM.Deploy.0 = Release|ARM
		{13A45C13-3265-47B8-BC48-A553B569DF55}.Release|x64.ActiveCfg = Release|x64
		{13A45C13-3265-47B8-BC48-A553B569DF55}.Release|x64.Build.0 = Release|x64
		{13A45C13-3265-47B8-BC48-A553B569DF55}.Release|x64.Deploy.0 = Release|x64
		{13A45C13-3265-47B8-BC48-A553B569DF55}.Release|x86.ActiveCfg = Release|x86
		{13A45C13-3265-47B8-BC48-A553B569DF55}.Release|x86.Build.0 = Release|x86
		{13A45C13-3265-47B8-BC48-A553B569DF55}.Release|x86.Deploy.0 = Release|x86
		{be8fcee6-2edd-45d3-b963-b3c947cbd3b3}.Debug|x86.ActiveCfg = Debug|x86
		{be8fcee6-2edd-45d3-b963-b3c947cbd3b3}.Debug|x86.Build.0 = Debug|x86
		{be8fcee6-2edd-45d3-b963-b3c947cbd3b3}.Release|x86.ActiveCfg = Release|x86
		{be8fcee6-2edd-45d3-b963-b3c947cbd3b3}.Release|x86.Build.0 = Release|x86
		{be8fcee6-2edd-45d3-b963-b3c947cbd3b3}.Master|x86.ActiveCfg = Master|x86
		{be8fcee6-2edd-45d3-b963-b3c947cbd3b3}.Master|x86.Build.0 = Master|x86
		{be8fcee6-2edd-45d3-b963-b3c947cbd3b3}.Debug|x64.ActiveCfg = Debug|x64
		{be8fcee6-2edd-45d3-b963-b3c947cbd3b3}.Debug|x64.Build.0 = Debug|x64
		{be8fcee6-2edd-45d3-b963-b3c947cbd3b3}.Release|x64.ActiveCfg = Release|x64
		{be8fcee6-2edd-45d3-b963-b3c947cbd3b3}.Release|x64.Build.0 = Release|x64
		{be8fcee6-2edd-45d3-b963-b3c947cbd3b3}.Master|x64.ActiveCfg = Master|x64
		{be8fcee6-2edd-45d3-b963-b3c947cbd3b3}.Master|x64.Build.0 = Master|x64
		{be8fcee6-2edd-45d3-b963-b3c947cbd3b3}.Debug|ARM.ActiveCfg = Debug|ARM
		{be8fcee6-2edd-45d3-b963-b3c947cbd3b3}.Debug|ARM.Build.0 = Debug|ARM
		{be8fcee6-2edd-45d3-b963-b3c947cbd3b3}.Release|ARM.ActiveCfg = Release|ARM
		{be8fcee6-2edd-45d3-b963-b3c947cbd3b3}.Release|ARM.Build.0 = Release|ARM
		{be8fcee6-2edd-45d3-b963-b3c947cbd3b3}.Master|ARM.ActiveCfg = Master|ARM
		{be8fcee6-2edd-45d3-b963-b3c947cbd3b3}.Master|ARM.Build.0 = Master|ARM
		{ab1885d8-0370-4141-9db4-7ba7fff74c53}.Debug|x86.ActiveCfg = Debug|x86
		{ab1885d8-0370-4141-9db4-7ba7fff74c53}.Debug|x86.Build.0 = Debug|x86
		{ab1885d8-0370-4141-9db4-7ba7fff74c53}.Release|x86.ActiveCfg = Release|x86
		{ab1885d8-0370-4141-9db4-7ba7fff74c53}.Release|x86.Build.0 = Release|x86
		{ab1885d8-0370-4141-9db4-7ba7fff74c53}.Master|x86.ActiveCfg = Master|x86
		{ab1885d8-0370-4141-9db4-7ba7fff74c53}.Master|x86.Build.0 = Master|x86
		{ab1885d8-0370-4141-9db4-7ba7fff74c53}.Debug|ARM.ActiveCfg = Debug|ARM
		{ab1885d8-0370-4141-9db4-7ba7fff74c53}.Debug|ARM.Build.0 = Debug|ARM
		{ab1885d8-0370-4141-9db4-7ba7fff74c53}.Release|ARM.ActiveCfg = Release|ARM
		{ab1885d8-0370-4141-9db4-7ba7fff74c53}.Release|ARM.Build.0 = Release|ARM
		{ab1885d8-0370-4141-9db4-7ba7fff74c53}.Master|ARM.ActiveCfg = Master|ARM
		{ab1885d8-0370-4141-9db4-7ba7fff74c53}.Master|ARM.Build.0 = Master|ARM
 EndGlobalSection
	GlobalSection(SolutionProperties) = preSolution
		HideSolutionNode = FALSE
	EndGlobalSection
EndGlobal
